
Microsoft Visual Studio Solution File, Format Version 12.00
# Visual Studio 15
VisualStudioVersion = 15.0.26228.76
MinimumVisualStudioVersion = 10.0.40219.1
Project("{FAE04EC0-301F-11D3-BF4B-00C04F79EFBC}") = "1stExercise-LeapYear", "1stExercise-LeapYear\1stExercise-LeapYear.csproj", "{31732DFC-C2F2-45EC-AB0E-2B24FC5EC9E3}"
EndProject
Project("{FAE04EC0-301F-11D3-BF4B-00C04F79EFBC}") = "1stExercise_LeapYearTests", "1stExercise_LeapYearTests\1stExercise_LeapYearTests.csproj", "{E4E96B93-8B8F-474B-ACDF-F9F0EE9E82E7}"
EndProject
Global
	GlobalSection(SolutionConfigurationPlatforms) = preSolution
		Debug|Any CPU = Debug|Any CPU
		Release|Any CPU = Release|Any CPU
	EndGlobalSection
	GlobalSection(ProjectConfigurationPlatforms) = postSolution
		{31732DFC-C2F2-45EC-AB0E-2B24FC5EC9E3}.Debug|Any CPU.ActiveCfg = Debug|Any CPU
		{31732DFC-C2F2-45EC-AB0E-2B24FC5EC9E3}.Debug|Any CPU.Build.0 = Debug|Any CPU
		{31732DFC-C2F2-45EC-AB0E-2B24FC5EC9E3}.Release|Any CPU.ActiveCfg = Release|Any CPU
		{31732DFC-C2F2-45EC-AB0E-2B24FC5EC9E3}.Release|Any CPU.Build.0 = Release|Any CPU
		{E4E96B93-8B8F-474B-ACDF-F9F0EE9E82E7}.Debug|Any CPU.ActiveCfg = Debug|Any CPU
		{E4E96B93-8B8F-474B-ACDF-F9F0EE9E82E7}.Debug|Any CPU.Build.0 = Debug|Any CPU
		{E4E96B93-8B8F-474B-ACDF-F9F0EE9E82E7}.Release|Any CPU.ActiveCfg = Release|Any CPU
		{E4E96B93-8B8F-474B-ACDF-F9F0EE9E82E7}.Release|Any CPU.Build.0 = Release|Any CPU
	EndGlobalSection
	GlobalSection(SolutionProperties) = preSolution
		HideSolutionNode = FALSE
	EndGlobalSection
EndGlobal
